// !$*UTF8*$!
{
	archiveVersion = 1;
	classes = {
	};
	objectVersion = 46;
	objects = {

/* Begin PBXBuildFile section */
		F10ACD761DCB3E44000774F7 /* AppDelegate.swift in Sources */ = {isa = PBXBuildFile; fileRef = F10ACD751DCB3E44000774F7 /* AppDelegate.swift */; };
		F10ACD781DCB3E44000774F7 /* ViewController.swift in Sources */ = {isa = PBXBuildFile; fileRef = F10ACD771DCB3E44000774F7 /* ViewController.swift */; };
		F10ACD7B1DCB3E44000774F7 /* Main.storyboard in Resources */ = {isa = PBXBuildFile; fileRef = F10ACD791DCB3E44000774F7 /* Main.storyboard */; };
		F10ACD7D1DCB3E44000774F7 /* Assets.xcassets in Resources */ = {isa = PBXBuildFile; fileRef = F10ACD7C1DCB3E44000774F7 /* Assets.xcassets */; };
		F10ACD801DCB3E44000774F7 /* LaunchScreen.storyboard in Resources */ = {isa = PBXBuildFile; fileRef = F10ACD7E1DCB3E44000774F7 /* LaunchScreen.storyboard */; };
		F10ACD881DCB3E5C000774F7 /* Transaction.swift in Sources */ = {isa = PBXBuildFile; fileRef = F10ACD871DCB3E5C000774F7 /* Transaction.swift */; };
		F10ACD8A1DCB4BB6000774F7 /* DetailViewController.swift in Sources */ = {isa = PBXBuildFile; fileRef = F10ACD891DCB4BB6000774F7 /* DetailViewController.swift */; };
/* End PBXBuildFile section */

/* Begin PBXFileReference section */
		F10ACD721DCB3E44000774F7 /* iPay.app */ = {isa = PBXFileReference; explicitFileType = wrapper.application; includeInIndex = 0; path = iPay.app; sourceTree = BUILT_PRODUCTS_DIR; };
		F10ACD751DCB3E44000774F7 /* AppDelegate.swift */ = {isa = PBXFileReference; lastKnownFileType = sourcecode.swift; path = AppDelegate.swift; sourceTree = "<group>"; };
		F10ACD771DCB3E44000774F7 /* ViewController.swift */ = {isa = PBXFileReference; lastKnownFileType = sourcecode.swift; path = ViewController.swift; sourceTree = "<group>"; };
		F10ACD7A1DCB3E44000774F7 /* Base */ = {isa = PBXFileReference; lastKnownFileType = file.storyboard; name = Base; path = Base.lproj/Main.storyboard; sourceTree = "<group>"; };
		F10ACD7C1DCB3E44000774F7 /* Assets.xcassets */ = {isa = PBXFileReference; lastKnownFileType = folder.assetcatalog; path = Assets.xcassets; sourceTree = "<group>"; };
		F10ACD7F1DCB3E44000774F7 /* Base */ = {isa = PBXFileReference; lastKnownFileType = file.storyboard; name = Base; path = Base.lproj/LaunchScreen.storyboard; sourceTree = "<group>"; };
		F10ACD811DCB3E44000774F7 /* Info.plist */ = {isa = PBXFileReference; lastKnownFileType = text.plist.xml; path = Info.plist; sourceTree = "<group>"; };
		F10ACD871DCB3E5C000774F7 /* Transaction.swift */ = {isa = PBXFileReference; fileEncoding = 4; lastKnownFileType = sourcecode.swift; path = Transaction.swift; sourceTree = "<group>"; };
		F10ACD891DCB4BB6000774F7 /* DetailViewController.swift */ = {isa = PBXFileReference; fileEncoding = 4; lastKnownFileType = sourcecode.swift; path = DetailViewController.swift; sourceTree = "<group>"; };
/* End PBXFileReference section */

/* Begin PBXFrameworksBuildPhase section */
		F10ACD6F1DCB3E43000774F7 /* Frameworks */ = {
			isa = PBXFrameworksBuildPhase;
			buildActionMask = 2147483647;
			files = (
			);
			runOnlyForDeploymentPostprocessing = 0;
		};
/* End PBXFrameworksBuildPhase section */

/* Begin PBXGroup section */
		F10ACD691DCB3E43000774F7 = {
			isa = PBXGroup;
			children = (
				F10ACD741DCB3E44000774F7 /* iPay */,
				F10ACD731DCB3E44000774F7 /* Products */,
			);
			sourceTree = "<group>";
		};
		F10ACD731DCB3E44000774F7 /* Products */ = {
			isa = PBXGroup;
			children = (
				F10ACD721DCB3E44000774F7 /* iPay.app */,
			);
			name = Products;
			sourceTree = "<group>";
		};
		F10ACD741DCB3E44000774F7 /* iPay */ = {
			isa = PBXGroup;
			children = (
				F10ACD751DCB3E44000774F7 /* AppDelegate.swift */,
				F10ACD771DCB3E44000774F7 /* ViewController.swift */,
				F10ACD871DCB3E5C000774F7 /* Transaction.swift */,
				F10ACD891DCB4BB6000774F7 /* DetailViewController.swift */,
				F10ACD791DCB3E44000774F7 /* Main.storyboard */,
				F10ACD7C1DCB3E44000774F7 /* Assets.xcassets */,
				F10ACD7E1DCB3E44000774F7 /* LaunchScreen.storyboard */,
				F10ACD811DCB3E44000774F7 /* Info.plist */,
			);
			path = iPay;
			sourceTree = "<group>";
		};
/* End PBXGroup section */

/* Begin PBXNativeTarget section */
		F10ACD711DCB3E43000774F7 /* iPay */ = {
			isa = PBXNativeTarget;
			buildConfigurationList = F10ACD841DCB3E44000774F7 /* Build configuration list for PBXNativeTarget "iPay" */;
			buildPhases = (
				F10ACD6E1DCB3E43000774F7 /* Sources */,
				F10ACD6F1DCB3E43000774F7 /* Frameworks */,
				F10ACD701DCB3E43000774F7 /* Resources */,
			);
			buildRules = (
			);
			dependencies = (
			);
			name = iPay;
			productName = iPay;
			productReference = F10ACD721DCB3E44000774F7 /* iPay.app */;
			productType = "com.apple.product-type.application";
		};
/* End PBXNativeTarget section */

/* Begin PBXProject section */
		F10ACD6A1DCB3E43000774F7 /* Project object */ = {
			isa = PBXProject;
			attributes = {
				LastSwiftUpdateCheck = 0810;
				LastUpgradeCheck = 0810;
				ORGANIZATIONNAME = Diego;
				TargetAttributes = {
					F10ACD711DCB3E43000774F7 = {
						CreatedOnToolsVersion = 8.1;
						DevelopmentTeam = ZYL4LPJD6J;
						ProvisioningStyle = Automatic;
					};
				};
			};
			buildConfigurationList = F10ACD6D1DCB3E43000774F7 /* Build configuration list for PBXProject "iPay" */;
			compatibilityVersion = "Xcode 3.2";
			developmentRegion = English;
			hasScannedForEncodings = 0;
			knownRegions = (
				en,
				Base,
			);
			mainGroup = F10ACD691DCB3E43000774F7;
			productRefGroup = F10ACD731DCB3E44000774F7 /* Products */;
			projectDirPath = "";
			projectRoot = "";
			targets = (
				F10ACD711DCB3E43000774F7 /* iPay */,
			);
		};
/* End PBXProject section */

/* Begin PBXResourcesBuildPhase section */
		F10ACD701DCB3E43000774F7 /* Resources */ = {
			isa = PBXResourcesBuildPhase;
			buildActionMask = 2147483647;
			files = (
				F10ACD801DCB3E44000774F7 /* LaunchScreen.storyboard in Resources */,
				F10ACD7D1DCB3E44000774F7 /* Assets.xcassets in Resources */,
				F10ACD7B1DCB3E44000774F7 /* Main.storyboard in Resources */,
			);
			runOnlyForDeploymentPostprocessing = 0;
		};
/* End PBXResourcesBuildPhase section */

/* Begin PBXSourcesBuildPhase section */
		F10ACD6E1DCB3E43000774F7 /* Sources */ = {
			isa = PBXSourcesBuildPhase;
			buildActionMask = 2147483647;
			files = (
				F10ACD781DCB3E44000774F7 /* ViewController.swift in Sources */,
				F10ACD761DCB3E44000774F7 /* AppDelegate.swift in Sources */,
				F10ACD881DCB3E5C000774F7 /* Transaction.swift in Sources */,
				F10ACD8A1DCB4BB6000774F7 /* DetailViewController.swift in Sources */,
			);
			runOnlyForDeploymentPostprocessing = 0;
		};
/* End PBXSourcesBuildPhase section */

/* Begin PBXVariantGroup section */
		F10ACD791DCB3E44000774F7 /* Main.storyboard */ = {
			isa = PBXVariantGroup;
			children = (
				F10ACD7A1DCB3E44000774F7 /* Base */,
			);
			name = Main.storyboard;
			sourceTree = "<group>";
		};
		F10ACD7E1DCB3E44000774F7 /* LaunchScreen.storyboard */ = {
			isa = PBXVariantGroup;
			children = (
				F10ACD7F1DCB3E44000774F7 /* Base */,
			);
			name = LaunchScreen.storyboard;
			sourceTree = "<group>";
		};
/* End PBXVariantGroup section */

/* Begin XCBuildConfiguration section */
		F10ACD821DCB3E44000774F7 /* Debug */ = {
			isa = XCBuildConfiguration;
			buildSettings = {
				ALWAYS_SEARCH_USER_PATHS = NO;
				CLANG_ANALYZER_NONNULL = YES;
				CLANG_CXX_LANGUAGE_STANDARD = "gnu++0x";
				CLANG_CXX_LIBRARY = "libc++";
				CLANG_ENABLE_MODULES = YES;
				CLANG_ENABLE_OBJC_ARC = YES;
				CLANG_WARN_BOOL_CONVERSION = YES;
				CLANG_WARN_CONSTANT_CONVERSION = YES;
				CLANG_WARN_DIRECT_OBJC_ISA_USAGE = YES_ERROR;
				CLANG_WARN_DOCUMENTATION_COMMENTS = YES;
				CLANG_WARN_EMPTY_BODY = YES;
				CLANG_WARN_ENUM_CONVERSION = YES;
				CLANG_WARN_INFINITE_RECURSION = YES;
				CLANG_WARN_INT_CONVERSION = YES;
				CLANG_WARN_OBJC_ROOT_CLASS = YES_ERROR;
				CLANG_WARN_SUSPICIOUS_MOVES = YES;
				CLANG_WARN_UNREACHABLE_CODE = YES;
				CLANG_WARN__DUPLICATE_METHOD_MATCH = YES;
				"CODE_SIGN_IDENTITY[sdk=iphoneos*]" = "iPhone Developer";
				COPY_PHASE_STRIP = NO;
				DEBUG_INFORMATION_FORMAT = dwarf;
				ENABLE_STRICT_OBJC_MSGSEND = YES;
				ENABLE_TESTABILITY = YES;
				GCC_C_LANGUAGE_STANDARD = gnu99;
				GCC_DYNAMIC_NO_PIC = NO;
				GCC_NO_COMMON_BLOCKS = YES;
				GCC_OPTIMIZATION_LEVEL = 0;
				GCC_PREPROCESSOR_DEFINITIONS = (
					"DEBUG=1",
					"$(inherited)",
				);
				GCC_WARN_64_TO_32_BIT_CONVERSION = YES;
				GCC_WARN_ABOUT_RETURN_TYPE = YES_ERROR;
				GCC_WARN_UNDECLARED_SELECTOR = YES;
				GCC_WARN_UNINITIALIZED_AUTOS = YES_AGGRESSIVE;
				GCC_WARN_UNUSED_FUNCTION = YES;
				GCC_WARN_UNUSED_VARIABLE = YES;
				IPHONEOS_DEPLOYMENT_TARGET = 10.1;
				MTL_ENABLE_DEBUG_INFO = YES;
				ONLY_ACTIVE_ARCH = YES;
				SDKROOT = iphoneos;
				SWIFT_ACTIVE_COMPILATION_CONDITIONS = DEBUG;
				SWIFT_OPTIMIZATION_LEVEL = "-Onone";
				TARGETED_DEVICE_FAMILY = "1,2";
			};
			name = Debug;
		};
		F10ACD831DCB3E44000774F7 /* Release */ = {
			isa = XCBuildConfiguration;
			buildSettings = {
				ALWAYS_SEARCH_USER_PATHS = NO;
				CLANG_ANALYZER_NONNULL = YES;
				CLANG_CXX_LANGUAGE_STANDARD = "gnu++0x";
				CLANG_CXX_LIBRARY = "libc++";
				CLANG_ENABLE_MODULES = YES;
				CLANG_ENABLE_OBJC_ARC = YES;
				CLANG_WARN_BOOL_CONVERSION = YES;
				CLANG_WARN_CONSTANT_CONVERSION = YES;
				CLANG_WARN_DIRECT_OBJC_ISA_USAGE = YES_ERROR;
				CLANG_WARN_DOCUMENTATION_COMMENTS = YES;
				CLANG_WARN_EMPTY_BODY = YES;
				CLANG_WARN_ENUM_CONVERSION = YES;
				CLANG_WARN_INFINITE_RECURSION = YES;
				CLANG_WARN_INT_CONVERSION = YES;
				CLANG_WARN_OBJC_ROOT_CLASS = YES_ERROR;
				CLANG_WARN_SUSPICIOUS_MOVES = YES;
				CLANG_WARN_UNREACHABLE_CODE = YES;
				CLANG_WARN__DUPLICATE_METHOD_MATCH = YES;
				"CODE_SIGN_IDENTITY[sdk=iphoneos*]" = "iPhone Developer";
				COPY_PHASE_STRIP = NO;
				DEBUG_INFORMATION_FORMAT = "dwarf-with-dsym";
				ENABLE_NS_ASSERTIONS = NO;
				ENABLE_STRICT_OBJC_MSGSEND = YES;
				GCC_C_LANGUAGE_STANDARD = gnu99;
				GCC_NO_COMMON_BLOCKS = YES;
				GCC_WARN_64_TO_32_BIT_CONVERSION = YES;
				GCC_WARN_ABOUT_RETURN_TYPE = YES_ERROR;
				GCC_WARN_UNDECLARED_SELECTOR = YES;
				GCC_WARN_UNINITIALIZED_AUTOS = YES_AGGRESSIVE;
				GCC_WARN_UNUSED_FUNCTION = YES;
				GCC_WARN_UNUSED_VARIABLE = YES;
				IPHONEOS_DEPLOYMENT_TARGET = 10.1;
				MTL_ENABLE_DEBUG_INFO = NO;
				SDKROOT = iphoneos;
				SWIFT_OPTIMIZATION_LEVEL = "-Owholemodule";
				TARGETED_DEVICE_FAMILY = "1,2";
				VALIDATE_PRODUCT = YES;
			};
			name = Release;
		};
		F10ACD851DCB3E44000774F7 /* Debug */ = {
			isa = XCBuildConfiguration;
			buildSettings = {
				ASSETCATALOG_COMPILER_APPICON_NAME = AppIcon;
				DEVELOPMENT_TEAM = ZYL4LPJD6J;
				INFOPLIST_FILE = iPay/Info.plist;
				LD_RUNPATH_SEARCH_PATHS = "$(inherited) @executable_path/Frameworks";
				PRODUCT_BUNDLE_IDENTIFIER = com.rievo.iPay;
				PRODUCT_NAME = "$(TARGET_NAME)";
				SWIFT_VERSION = 3.0;
			};
			name = Debug;
		};
		F10ACD861DCB3E44000774F7 /* Release */ = {
			isa = XCBuildConfiguration;
			buildSettings = {
				ASSETCATALOG_COMPILER_APPICON_NAME = AppIcon;
				DEVELOPMENT_TEAM = ZYL4LPJD6J;
				INFOPLIST_FILE = iPay/Info.plist;
				LD_RUNPATH_SEARCH_PATHS = "$(inherited) @executable_path/Frameworks";
				PRODUCT_BUNDLE_IDENTIFIER = com.rievo.iPay;
				PRODUCT_NAME = "$(TARGET_NAME)";
				SWIFT_VERSION = 3.0;
			};
			name = Release;
		};
/* End XCBuildConfiguration section */

/* Begin XCConfigurationList section */
		F10ACD6D1DCB3E43000774F7 /* Build configuration list for PBXProject "iPay" */ = {
			isa = XCConfigurationList;
			buildConfigurations = (
				F10ACD821DCB3E44000774F7 /* Debug */,
				F10ACD831DCB3E44000774F7 /* Release */,
			);
			defaultConfigurationIsVisible = 0;
			defaultConfigurationName = Release;
		};
		F10ACD841DCB3E44000774F7 /* Build configuration list for PBXNativeTarget "iPay" */ = {
			isa = XCConfigurationList;
			buildConfigurations = (
				F10ACD851DCB3E44000774F7 /* Debug */,
				F10ACD861DCB3E44000774F7 /* Release */,
			);
			defaultConfigurationIsVisible = 0;
		};
/* End XCConfigurationList section */
	};
	rootObject = F10ACD6A1DCB3E43000774F7 /* Project object */;
}
